
Microsoft Visual Studio Solution File, Format Version 12.00
# Visual Studio Version 17
VisualStudioVersion = 17.13.35931.197 d17.13
MinimumVisualStudioVersion = 10.0.40219.1
Project("{FAE04EC0-301F-11D3-BF4B-00C04F79EFBC}") = "MediaTek", "MediaTek\MediaTek.csproj", "{BC61ED8D-4393-4FEE-BCB3-CE2EB451739F}"
EndProject
Global
	GlobalSection(SolutionConfigurationPlatforms) = preSolution
		Debug|Any CPU = Debug|Any CPU
		Release|Any CPU = Release|Any CPU
	EndGlobalSection
	GlobalSection(ProjectConfigurationPlatforms) = postSolution
		{BC61ED8D-4393-4FEE-BCB3-CE2EB451739F}.Debug|Any CPU.ActiveCfg = Debug|Any CPU
		{BC61ED8D-4393-4FEE-BCB3-CE2EB451739F}.Debug|Any CPU.Build.0 = Debug|Any CPU
		{BC61ED8D-4393-4FEE-BCB3-CE2EB451739F}.Release|Any CPU.ActiveCfg = Release|Any CPU
		{BC61ED8D-4393-4FEE-BCB3-CE2EB451739F}.Release|Any CPU.Build.0 = Release|Any CPU
	EndGlobalSection
	GlobalSection(SolutionProperties) = preSolution
		HideSolutionNode = FALSE
	EndGlobalSection
	GlobalSection(ExtensibilityGlobals) = postSolution
		SolutionGuid = {3D6D5FC0-75E2-4C37-8508-1636340B51CD}
	EndGlobalSection
EndGlobal
